# This file is generated by running "yarn install" inside your project.
# Manual changes might be lost - proceed with caution!

__metadata:
  version: 8
  cacheKey: 10c0

"@normed/json-types@npm:^1.0.8":
  version: 1.0.8
  resolution: "@normed/json-types@npm:1.0.8"
  checksum: 10c0/aace48eb5bc09f7f1b0be99daa61cac5a7acbe7178764ce96d31ce67318ba88a4d170bcd251a4a188306952f04e858cc2e03c03f44e57a19fe930416d4f98e86
  languageName: node
  linkType: hard

"@normed/log-flour@npm:1.2.1":
  version: 1.2.1
  resolution: "@normed/log-flour@npm:1.2.1"
  dependencies:
    "@normed/json-types": "npm:^1.0.8"
    "@types/chalk": "npm:^2.2.0"
    chalk: "npm:4.1.2"
  checksum: 10c0/eef548da51e6c9496ec81d24461bdb1449ddce3d832c08bf100e39ac9c60800d6726e8fbeb7379f21ab5061f53a80b948ddef13d54d2f6c42053a44abf6fe659
  languageName: node
  linkType: hard

"@normed/log-flour@patch:@normed/log-flour@npm%3A1.2.1#~/.yarn/patches/@normed-log-flour-npm-1.2.1-9c92302b90.patch":
  version: 1.2.1
  resolution: "@normed/log-flour@patch:@normed/log-flour@npm%3A1.2.1#~/.yarn/patches/@normed-log-flour-npm-1.2.1-9c92302b90.patch::version=1.2.1&hash=91413d"
  dependencies:
    "@normed/json-types": "npm:^1.0.8"
    "@types/chalk": "npm:^2.2.0"
    chalk: "npm:4.1.2"
  checksum: 10c0/8710e7a3b2d1fcf4870f25639703f70e342e19e8de1e2d4b617efb1e35b76d928582e5fe35bae1cf0b94e15dfa89c5e3a7a43313a4cd66b8819cabef7df1d642
  languageName: node
  linkType: hard

"@types/chalk@npm:^2.2.0":
  version: 2.2.4
  resolution: "@types/chalk@npm:2.2.4"
  dependencies:
    chalk: "npm:*"
  checksum: 10c0/77541a759f1038f28549dca6e63cbd4af19c765d7d2e2797b35469e88429960f59959074cd18bcc2cf7ba1f27028d077d9f6594e5bdd08ba7cf469a32b640884
  languageName: node
  linkType: hard

"@types/js-yaml@npm:^4.0.9":
  version: 4.0.9
  resolution: "@types/js-yaml@npm:4.0.9"
  checksum: 10c0/24de857aa8d61526bbfbbaa383aa538283ad17363fcd5bb5148e2c7f604547db36646440e739d78241ed008702a8920665d1add5618687b6743858fae00da211
  languageName: node
  linkType: hard

"@types/node@npm:^25.5.0":
  version: 25.5.0
  resolution: "@types/node@npm:25.5.0"
  dependencies:
    undici-types: "npm:~7.18.0"
  checksum: 10c0/70c508165b6758c4f88d4f91abca526c3985eee1985503d4c2bd994dbaf588e52ac57e571160f18f117d76e963570ac82bd20e743c18987e82564312b3b62119
  languageName: node
  linkType: hard

"@types/yargs-parser@npm:*":
  version: 21.0.3
  resolution: "@types/yargs-parser@npm:21.0.3"
  checksum: 10c0/e71c3bd9d0b73ca82e10bee2064c384ab70f61034bbfb78e74f5206283fc16a6d85267b606b5c22cb2a3338373586786fed595b2009825d6a9115afba36560a0
  languageName: node
  linkType: hard

"@types/yargs@npm:^17.0.35":
  version: 17.0.35
  resolution: "@types/yargs@npm:17.0.35"
  dependencies:
    "@types/yargs-parser": "npm:*"
  checksum: 10c0/609557826a6b85e73ccf587923f6429850d6dc70e420b455bab4601b670bfadf684b09ae288bccedab042c48ba65f1666133cf375814204b544009f57d6eef63
  languageName: node
  linkType: hard

"ansi-regex@npm:^6.2.2":
  version: 6.2.2
  resolution: "ansi-regex@npm:6.2.2"
  checksum: 10c0/05d4acb1d2f59ab2cf4b794339c7b168890d44dda4bf0ce01152a8da0213aca207802f930442ce8cd22d7a92f44907664aac6508904e75e038fa944d2601b30f
  languageName: node
  linkType: hard

"ansi-styles@npm:^4.1.0":
  version: 4.3.0
  resolution: "ansi-styles@npm:4.3.0"
  dependencies:
    color-convert: "npm:^2.0.1"
  checksum: 10c0/895a23929da416f2bd3de7e9cb4eabd340949328ab85ddd6e484a637d8f6820d485f53933446f5291c3b760cbc488beb8e88573dd0f9c7daf83dccc8fe81b041
  languageName: node
  linkType: hard

"ansi-styles@npm:^6.2.1":
  version: 6.2.3
  resolution: "ansi-styles@npm:6.2.3"
  checksum: 10c0/23b8a4ce14e18fb854693b95351e286b771d23d8844057ed2e7d083cd3e708376c3323707ec6a24365f7d7eda3ca00327fe04092e29e551499ec4c8b7bfac868
  languageName: node
  linkType: hard

"argparse@npm:^2.0.1":
  version: 2.0.1
  resolution: "argparse@npm:2.0.1"
  checksum: 10c0/c5640c2d89045371c7cedd6a70212a04e360fd34d6edeae32f6952c63949e3525ea77dbec0289d8213a99bbaeab5abfa860b5c12cf88a2e6cf8106e90dd27a7e
  languageName: node
  linkType: hard

"chalk@npm:*":
  version: 5.3.0
  resolution: "chalk@npm:5.3.0"
  checksum: 10c0/8297d436b2c0f95801103ff2ef67268d362021b8210daf8ddbe349695333eb3610a71122172ff3b0272f1ef2cf7cc2c41fdaa4715f52e49ffe04c56340feed09
  languageName: node
  linkType: hard

"chalk@npm:4.1.2":
  version: 4.1.2
  resolution: "chalk@npm:4.1.2"
  dependencies:
    ansi-styles: "npm:^4.1.0"
    supports-color: "npm:^7.1.0"
  checksum: 10c0/4a3fef5cc34975c898ffe77141450f679721df9dde00f6c304353fa9c8b571929123b26a0e4617bde5018977eb655b31970c297b91b63ee83bb82aeb04666880
  languageName: node
  linkType: hard

"cliui@npm:^9.0.1":
  version: 9.0.1
  resolution: "cliui@npm:9.0.1"
  dependencies:
    string-width: "npm:^7.2.0"
    strip-ansi: "npm:^7.1.0"
    wrap-ansi: "npm:^9.0.0"
  checksum: 10c0/13441832e9efe7c7a76bd2b8e683555c478d461a9f249dc5db9b17fe8d4b47fa9277b503914b90bd00e4a151abb6b9b02b2288972ffe2e5e3ca40bcb1c2330d3
  languageName: node
  linkType: hard

"color-convert@npm:^2.0.1":
  version: 2.0.1
  resolution: "color-convert@npm:2.0.1"
  dependencies:
    color-name: "npm:~1.1.4"
  checksum: 10c0/37e1150172f2e311fe1b2df62c6293a342ee7380da7b9cfdba67ea539909afbd74da27033208d01d6d5cfc65ee7868a22e18d7e7648e004425441c0f8a15a7d7
  languageName: node
  linkType: hard

"color-name@npm:~1.1.4":
  version: 1.1.4
  resolution: "color-name@npm:1.1.4"
  checksum: 10c0/a1a3f914156960902f46f7f56bc62effc6c94e84b2cae157a526b1c1f74b677a47ec602bf68a61abfa2b42d15b7c5651c6dbe72a43af720bc588dff885b10f95
  languageName: node
  linkType: hard

"emoji-regex@npm:^10.3.0":
  version: 10.6.0
  resolution: "emoji-regex@npm:10.6.0"
  checksum: 10c0/1e4aa097bb007301c3b4b1913879ae27327fdc48e93eeefefe3b87e495eb33c5af155300be951b4349ff6ac084f4403dc9eff970acba7c1c572d89396a9a32d7
  languageName: node
  linkType: hard

"escalade@npm:^3.1.1":
  version: 3.2.0
  resolution: "escalade@npm:3.2.0"
  checksum: 10c0/ced4dd3a78e15897ed3be74e635110bbf3b08877b0a41be50dcb325ee0e0b5f65fc2d50e9845194d7c4633f327e2e1c6cce00a71b617c5673df0374201d67f65
  languageName: node
  linkType: hard

"get-caller-file@npm:^2.0.5":
  version: 2.0.5
  resolution: "get-caller-file@npm:2.0.5"
  checksum: 10c0/c6c7b60271931fa752aeb92f2b47e355eac1af3a2673f47c9589e8f8a41adc74d45551c1bc57b5e66a80609f10ffb72b6f575e4370d61cc3f7f3aaff01757cde
  languageName: node
  linkType: hard

"get-east-asian-width@npm:^1.0.0":
  version: 1.5.0
  resolution: "get-east-asian-width@npm:1.5.0"
  checksum: 10c0/bff8bbc8d81790b9477f7aa55b1806b9f082a8dc1359fff7bd8b96939622c86b729685afc2bfeb22def1fc6ef1e5228e4d87dd4e6da60bc43a5edfb03c4ee167
  languageName: node
  linkType: hard

"has-flag@npm:^4.0.0":
  version: 4.0.0
  resolution: "has-flag@npm:4.0.0"
  checksum: 10c0/2e789c61b7888d66993e14e8331449e525ef42aac53c627cc53d1c3334e768bcb6abdc4f5f0de1478a25beec6f0bd62c7549058b7ac53e924040d4f301f02fd1
  languageName: node
  linkType: hard

"js-yaml@npm:^4.1.1":
  version: 4.1.1
  resolution: "js-yaml@npm:4.1.1"
  dependencies:
    argparse: "npm:^2.0.1"
  bin:
    js-yaml: bin/js-yaml.js
  checksum: 10c0/561c7d7088c40a9bb53cc75becbfb1df6ae49b34b5e6e5a81744b14ae8667ec564ad2527709d1a6e7d5e5fa6d483aa0f373a50ad98d42fde368ec4a190d4fae7
  languageName: node
  linkType: hard

"prettier@npm:^3.8.1":
  version: 3.8.1
  resolution: "prettier@npm:3.8.1"
  bin:
    prettier: bin/prettier.cjs
  checksum: 10c0/33169b594009e48f570471271be7eac7cdcf88a209eed39ac3b8d6d78984039bfa9132f82b7e6ba3b06711f3bfe0222a62a1bfb87c43f50c25a83df1b78a2c42
  languageName: node
  linkType: hard

"string-width@npm:^7.0.0, string-width@npm:^7.2.0":
  version: 7.2.0
  resolution: "string-width@npm:7.2.0"
  dependencies:
    emoji-regex: "npm:^10.3.0"
    get-east-asian-width: "npm:^1.0.0"
    strip-ansi: "npm:^7.1.0"
  checksum: 10c0/eb0430dd43f3199c7a46dcbf7a0b34539c76fe3aa62763d0b0655acdcbdf360b3f66f3d58ca25ba0205f42ea3491fa00f09426d3b7d3040e506878fc7664c9b9
  languageName: node
  linkType: hard

"strip-ansi@npm:^7.1.0":
  version: 7.2.0
  resolution: "strip-ansi@npm:7.2.0"
  dependencies:
    ansi-regex: "npm:^6.2.2"
  checksum: 10c0/544d13b7582f8254811ea97db202f519e189e59d35740c46095897e254e4f1aa9fe1524a83ad6bc5ad67d4dd6c0281d2e0219ed62b880a6238a16a17d375f221
  languageName: node
  linkType: hard

"supports-color@npm:^7.1.0":
  version: 7.2.0
  resolution: "supports-color@npm:7.2.0"
  dependencies:
    has-flag: "npm:^4.0.0"
  checksum: 10c0/afb4c88521b8b136b5f5f95160c98dee7243dc79d5432db7efc27efb219385bbc7d9427398e43dd6cc730a0f87d5085ce1652af7efbe391327bc0a7d0f7fc124
  languageName: node
  linkType: hard

"talos@workspace:.":
  version: 0.0.0-use.local
  resolution: "talos@workspace:."
  dependencies:
    "@normed/log-flour": "patch:@normed/log-flour@npm%3A1.2.1#~/.yarn/patches/@normed-log-flour-npm-1.2.1-9c92302b90.patch"
    "@types/js-yaml": "npm:^4.0.9"
    "@types/node": "npm:^25.5.0"
    "@types/yargs": "npm:^17.0.35"
    js-yaml: "npm:^4.1.1"
    prettier: "npm:^3.8.1"
    typescript: "npm:5.9.3"
    yargs: "npm:^18.0.0"
    zod: "npm:^4.3.6"
  languageName: unknown
  linkType: soft

"typescript@npm:5.9.3":
  version: 5.9.3
  resolution: "typescript@npm:5.9.3"
  bin:
    tsc: bin/tsc
    tsserver: bin/tsserver
  checksum: 10c0/6bd7552ce39f97e711db5aa048f6f9995b53f1c52f7d8667c1abdc1700c68a76a308f579cd309ce6b53646deb4e9a1be7c813a93baaf0a28ccd536a30270e1c5
  languageName: node
  linkType: hard

"typescript@patch:typescript@npm%3A5.9.3#optional!builtin<compat/typescript>":
  version: 5.9.3
  resolution: "typescript@patch:typescript@npm%3A5.9.3#optional!builtin<compat/typescript>::version=5.9.3&hash=5786d5"
  bin:
    tsc: bin/tsc
    tsserver: bin/tsserver
  checksum: 10c0/ad09fdf7a756814dce65bc60c1657b40d44451346858eea230e10f2e95a289d9183b6e32e5c11e95acc0ccc214b4f36289dcad4bf1886b0adb84d711d336a430
  languageName: node
  linkType: hard

"undici-types@npm:~7.18.0":
  version: 7.18.2
  resolution: "undici-types@npm:7.18.2"
  checksum: 10c0/85a79189113a238959d7a647368e4f7c5559c3a404ebdb8fc4488145ce9426fcd82252a844a302798dfc0e37e6fb178ff481ed03bc4caf634c5757d9ef43521d
  languageName: node
  linkType: hard

"wrap-ansi@npm:^9.0.0":
  version: 9.0.2
  resolution: "wrap-ansi@npm:9.0.2"
  dependencies:
    ansi-styles: "npm:^6.2.1"
    string-width: "npm:^7.0.0"
    strip-ansi: "npm:^7.1.0"
  checksum: 10c0/3305839b9a0d6fb930cb63a52f34d3936013d8b0682ff3ec133c9826512620f213800ffa19ea22904876d5b7e9a3c1f40682f03597d986a4ca881fa7b033688c
  languageName: node
  linkType: hard

"y18n@npm:^5.0.5":
  version: 5.0.8
  resolution: "y18n@npm:5.0.8"
  checksum: 10c0/4df2842c36e468590c3691c894bc9cdbac41f520566e76e24f59401ba7d8b4811eb1e34524d57e54bc6d864bcb66baab7ffd9ca42bf1eda596618f9162b91249
  languageName: node
  linkType: hard

"yargs-parser@npm:^22.0.0":
  version: 22.0.0
  resolution: "yargs-parser@npm:22.0.0"
  checksum: 10c0/cb7ef81759c4271cb1d96b9351dbbc9a9ce35d3e1122d2b739bf6c432603824fa02c67cc12dcef6ea80283379d63495686e8f41cc7b06c6576e792aba4d33e1c
  languageName: node
  linkType: hard

"yargs@npm:^18.0.0":
  version: 18.0.0
  resolution: "yargs@npm:18.0.0"
  dependencies:
    cliui: "npm:^9.0.1"
    escalade: "npm:^3.1.1"
    get-caller-file: "npm:^2.0.5"
    string-width: "npm:^7.2.0"
    y18n: "npm:^5.0.5"
    yargs-parser: "npm:^22.0.0"
  checksum: 10c0/bf290e4723876ea9c638c786a5c42ac28e03c9ca2325e1424bf43b94e5876456292d3ed905b853ebbba6daf43ed29e772ac2a6b3c5fb1b16533245d6211778f3
  languageName: node
  linkType: hard

"zod@npm:^4.3.6":
  version: 4.3.6
  resolution: "zod@npm:4.3.6"
  checksum: 10c0/860d25a81ab41d33aa25f8d0d07b091a04acb426e605f396227a796e9e800c44723ed96d0f53a512b57be3d1520f45bf69c0cb3b378a232a00787a2609625307
  languageName: node
  linkType: hard
